// !$*UTF8*$!
{
	archiveVersion = 1;
	classes = {
	};
	objectVersion = 56;
	objects = {

/* Begin PBXBuildFile section */
		D95F182F2907F8C5004FC7B1 /* SignUpViewController.swift in Sources */ = {isa = PBXBuildFile; fileRef = D95F182E2907F8C5004FC7B1 /* SignUpViewController.swift */; };
		D95F183229087AD2004FC7B1 /* UIStackView + Extension.swift in Sources */ = {isa = PBXBuildFile; fileRef = D95F183129087AD2004FC7B1 /* UIStackView + Extension.swift */; };
		D95F183429088452004FC7B1 /* AlbumsViewController.swift in Sources */ = {isa = PBXBuildFile; fileRef = D95F183329088452004FC7B1 /* AlbumsViewController.swift */; };
		D95F18372909C30A004FC7B1 /* AlbumsTableViewCell.swift in Sources */ = {isa = PBXBuildFile; fileRef = D95F18362909C30A004FC7B1 /* AlbumsTableViewCell.swift */; };
		D9BB1B782907B976004D0381 /* AppDelegate.swift in Sources */ = {isa = PBXBuildFile; fileRef = D9BB1B772907B976004D0381 /* AppDelegate.swift */; };
		D9BB1B7A2907B976004D0381 /* SceneDelegate.swift in Sources */ = {isa = PBXBuildFile; fileRef = D9BB1B792907B976004D0381 /* SceneDelegate.swift */; };
		D9BB1B7C2907B976004D0381 /* AuthViewController.swift in Sources */ = {isa = PBXBuildFile; fileRef = D9BB1B7B2907B976004D0381 /* AuthViewController.swift */; };
		D9BB1B812907B977004D0381 /* Assets.xcassets in Resources */ = {isa = PBXBuildFile; fileRef = D9BB1B802907B977004D0381 /* Assets.xcassets */; };
		D9BB1B842907B977004D0381 /* LaunchScreen.storyboard in Resources */ = {isa = PBXBuildFile; fileRef = D9BB1B822907B977004D0381 /* LaunchScreen.storyboard */; };
		D9D343B8290A5236001F129C /* DetailAlbumViewController.swift in Sources */ = {isa = PBXBuildFile; fileRef = D9D343B7290A5236001F129C /* DetailAlbumViewController.swift */; };
		D9D343BA290A5766001F129C /* SongsCollectionViewCell.swift in Sources */ = {isa = PBXBuildFile; fileRef = D9D343B9290A5766001F129C /* SongsCollectionViewCell.swift */; };
		D9D343BC290A5EE7001F129C /* UserInfoViewController.swift in Sources */ = {isa = PBXBuildFile; fileRef = D9D343BB290A5EE7001F129C /* UserInfoViewController.swift */; };
		D9D343BE290BD19A001F129C /* String + Extension.swift in Sources */ = {isa = PBXBuildFile; fileRef = D9D343BD290BD19A001F129C /* String + Extension.swift */; };
		D9D343C1290C5016001F129C /* UserDefaultsManager.swift in Sources */ = {isa = PBXBuildFile; fileRef = D9D343C0290C5016001F129C /* UserDefaultsManager.swift */; };
		D9D343C4290C5144001F129C /* UserModel.swift in Sources */ = {isa = PBXBuildFile; fileRef = D9D343C3290C5144001F129C /* UserModel.swift */; };
/* End PBXBuildFile section */

/* Begin PBXFileReference section */
		D95F182E2907F8C5004FC7B1 /* SignUpViewController.swift */ = {isa = PBXFileReference; lastKnownFileType = sourcecode.swift; path = SignUpViewController.swift; sourceTree = "<group>"; };
		D95F183129087AD2004FC7B1 /* UIStackView + Extension.swift */ = {isa = PBXFileReference; lastKnownFileType = sourcecode.swift; path = "UIStackView + Extension.swift"; sourceTree = "<group>"; };
		D95F183329088452004FC7B1 /* AlbumsViewController.swift */ = {isa = PBXFileReference; lastKnownFileType = sourcecode.swift; path = AlbumsViewController.swift; sourceTree = "<group>"; };
		D95F18362909C30A004FC7B1 /* AlbumsTableViewCell.swift */ = {isa = PBXFileReference; lastKnownFileType = sourcecode.swift; path = AlbumsTableViewCell.swift; sourceTree = "<group>"; };
		D9BB1B742907B976004D0381 /* Test Task + JSON.app */ = {isa = PBXFileReference; explicitFileType = wrapper.application; includeInIndex = 0; path = "Test Task + JSON.app"; sourceTree = BUILT_PRODUCTS_DIR; };
		D9BB1B772907B976004D0381 /* AppDelegate.swift */ = {isa = PBXFileReference; lastKnownFileType = sourcecode.swift; path = AppDelegate.swift; sourceTree = "<group>"; };
		D9BB1B792907B976004D0381 /* SceneDelegate.swift */ = {isa = PBXFileReference; lastKnownFileType = sourcecode.swift; path = SceneDelegate.swift; sourceTree = "<group>"; };
		D9BB1B7B2907B976004D0381 /* AuthViewController.swift */ = {isa = PBXFileReference; lastKnownFileType = sourcecode.swift; path = AuthViewController.swift; sourceTree = "<group>"; };
		D9BB1B802907B977004D0381 /* Assets.xcassets */ = {isa = PBXFileReference; lastKnownFileType = folder.assetcatalog; path = Assets.xcassets; sourceTree = "<group>"; };
		D9BB1B832907B977004D0381 /* Base */ = {isa = PBXFileReference; lastKnownFileType = file.storyboard; name = Base; path = Base.lproj/LaunchScreen.storyboard; sourceTree = "<group>"; };
		D9BB1B852907B977004D0381 /* Info.plist */ = {isa = PBXFileReference; lastKnownFileType = text.plist.xml; path = Info.plist; sourceTree = "<group>"; };
		D9D343B7290A5236001F129C /* DetailAlbumViewController.swift */ = {isa = PBXFileReference; lastKnownFileType = sourcecode.swift; path = DetailAlbumViewController.swift; sourceTree = "<group>"; };
		D9D343B9290A5766001F129C /* SongsCollectionViewCell.swift */ = {isa = PBXFileReference; lastKnownFileType = sourcecode.swift; path = SongsCollectionViewCell.swift; sourceTree = "<group>"; };
		D9D343BB290A5EE7001F129C /* UserInfoViewController.swift */ = {isa = PBXFileReference; lastKnownFileType = sourcecode.swift; path = UserInfoViewController.swift; sourceTree = "<group>"; };
		D9D343BD290BD19A001F129C /* String + Extension.swift */ = {isa = PBXFileReference; lastKnownFileType = sourcecode.swift; path = "String + Extension.swift"; sourceTree = "<group>"; };
		D9D343C0290C5016001F129C /* UserDefaultsManager.swift */ = {isa = PBXFileReference; lastKnownFileType = sourcecode.swift; path = UserDefaultsManager.swift; sourceTree = "<group>"; };
		D9D343C3290C5144001F129C /* UserModel.swift */ = {isa = PBXFileReference; lastKnownFileType = sourcecode.swift; path = UserModel.swift; sourceTree = "<group>"; };
/* End PBXFileReference section */

/* Begin PBXFrameworksBuildPhase section */
		D9BB1B712907B976004D0381 /* Frameworks */ = {
			isa = PBXFrameworksBuildPhase;
			buildActionMask = 2147483647;
			files = (
			);
			runOnlyForDeploymentPostprocessing = 0;
		};
/* End PBXFrameworksBuildPhase section */

/* Begin PBXGroup section */
		D95F183029087A89004FC7B1 /* Extension */ = {
			isa = PBXGroup;
			children = (
				D95F183129087AD2004FC7B1 /* UIStackView + Extension.swift */,
				D9D343BD290BD19A001F129C /* String + Extension.swift */,
			);
			path = Extension;
			sourceTree = "<group>";
		};
		D95F18352909C282004FC7B1 /* Cells */ = {
			isa = PBXGroup;
			children = (
				D95F18362909C30A004FC7B1 /* AlbumsTableViewCell.swift */,
				D9D343B9290A5766001F129C /* SongsCollectionViewCell.swift */,
			);
			path = Cells;
			sourceTree = "<group>";
		};
		D9BB1B6B2907B976004D0381 = {
			isa = PBXGroup;
			children = (
				D9BB1B762907B976004D0381 /* Test Task + JSON */,
				D9BB1B752907B976004D0381 /* Products */,
			);
			sourceTree = "<group>";
		};
		D9BB1B752907B976004D0381 /* Products */ = {
			isa = PBXGroup;
			children = (
				D9BB1B742907B976004D0381 /* Test Task + JSON.app */,
			);
			name = Products;
			sourceTree = "<group>";
		};
		D9BB1B762907B976004D0381 /* Test Task + JSON */ = {
			isa = PBXGroup;
			children = (
				D9BB1B8B2907BBB8004D0381 /* App */,
				D9BB1B8D2907BC09004D0381 /* Sources */,
				D9BB1B8C2907BBC0004D0381 /* Resources */,
				D95F183029087A89004FC7B1 /* Extension */,
			);
			path = "Test Task + JSON";
			sourceTree = "<group>";
		};
		D9BB1B8B2907BBB8004D0381 /* App */ = {
			isa = PBXGroup;
			children = (
				D9BB1B772907B976004D0381 /* AppDelegate.swift */,
				D9BB1B792907B976004D0381 /* SceneDelegate.swift */,
			);
			path = App;
			sourceTree = "<group>";
		};
		D9BB1B8C2907BBC0004D0381 /* Resources */ = {
			isa = PBXGroup;
			children = (
				D9BB1B802907B977004D0381 /* Assets.xcassets */,
				D9BB1B822907B977004D0381 /* LaunchScreen.storyboard */,
				D9BB1B852907B977004D0381 /* Info.plist */,
			);
			path = Resources;
			sourceTree = "<group>";
		};
		D9BB1B8D2907BC09004D0381 /* Sources */ = {
			isa = PBXGroup;
			children = (
				D9BB1B8E2907BCF1004D0381 /* Controllers */,
				D9D343BF290C4FE1001F129C /* Services */,
				D9D343C2290C50F6001F129C /* Models */,
			);
			path = Sources;
			sourceTree = "<group>";
		};
		D9BB1B8E2907BCF1004D0381 /* Controllers */ = {
			isa = PBXGroup;
			children = (
				D9BB1B7B2907B976004D0381 /* AuthViewController.swift */,
				D95F182E2907F8C5004FC7B1 /* SignUpViewController.swift */,
				D95F183329088452004FC7B1 /* AlbumsViewController.swift */,
				D9D343B7290A5236001F129C /* DetailAlbumViewController.swift */,
				D9D343BB290A5EE7001F129C /* UserInfoViewController.swift */,
				D95F18352909C282004FC7B1 /* Cells */,
			);
			path = Controllers;
			sourceTree = "<group>";
		};
		D9D343BF290C4FE1001F129C /* Services */ = {
			isa = PBXGroup;
			children = (
				D9D343C0290C5016001F129C /* UserDefaultsManager.swift */,
			);
			path = Services;
			sourceTree = "<group>";
		};
		D9D343C2290C50F6001F129C /* Models */ = {
			isa = PBXGroup;
			children = (
				D9D343C3290C5144001F129C /* UserModel.swift */,
			);
			path = Models;
			sourceTree = "<group>";
		};
/* End PBXGroup section */

/* Begin PBXNativeTarget section */
		D9BB1B732907B976004D0381 /* Test Task + JSON */ = {
			isa = PBXNativeTarget;
			buildConfigurationList = D9BB1B882907B977004D0381 /* Build configuration list for PBXNativeTarget "Test Task + JSON" */;
			buildPhases = (
				D9BB1B702907B976004D0381 /* Sources */,
				D9BB1B712907B976004D0381 /* Frameworks */,
				D9BB1B722907B976004D0381 /* Resources */,
			);
			buildRules = (
			);
			dependencies = (
			);
			name = "Test Task + JSON";
			productName = "Test Task + JSON";
			productReference = D9BB1B742907B976004D0381 /* Test Task + JSON.app */;
			productType = "com.apple.product-type.application";
		};
/* End PBXNativeTarget section */

/* Begin PBXProject section */
		D9BB1B6C2907B976004D0381 /* Project object */ = {
			isa = PBXProject;
			attributes = {
				BuildIndependentTargetsInParallel = 1;
				LastSwiftUpdateCheck = 1400;
				LastUpgradeCheck = 1400;
				TargetAttributes = {
					D9BB1B732907B976004D0381 = {
						CreatedOnToolsVersion = 14.0.1;
					};
				};
			};
			buildConfigurationList = D9BB1B6F2907B976004D0381 /* Build configuration list for PBXProject "Test Task + JSON" */;
			compatibilityVersion = "Xcode 14.0";
			developmentRegion = en;
			hasScannedForEncodings = 0;
			knownRegions = (
				en,
				Base,
			);
			mainGroup = D9BB1B6B2907B976004D0381;
			productRefGroup = D9BB1B752907B976004D0381 /* Products */;
			projectDirPath = "";
			projectRoot = "";
			targets = (
				D9BB1B732907B976004D0381 /* Test Task + JSON */,
			);
		};
/* End PBXProject section */

/* Begin PBXResourcesBuildPhase section */
		D9BB1B722907B976004D0381 /* Resources */ = {
			isa = PBXResourcesBuildPhase;
			buildActionMask = 2147483647;
			files = (
				D9BB1B842907B977004D0381 /* LaunchScreen.storyboard in Resources */,
				D9BB1B812907B977004D0381 /* Assets.xcassets in Resources */,
			);
			runOnlyForDeploymentPostprocessing = 0;
		};
/* End PBXResourcesBuildPhase section */

/* Begin PBXSourcesBuildPhase section */
		D9BB1B702907B976004D0381 /* Sources */ = {
			isa = PBXSourcesBuildPhase;
			buildActionMask = 2147483647;
			files = (
				D9BB1B7C2907B976004D0381 /* AuthViewController.swift in Sources */,
				D9BB1B782907B976004D0381 /* AppDelegate.swift in Sources */,
				D9D343C1290C5016001F129C /* UserDefaultsManager.swift in Sources */,
				D95F183429088452004FC7B1 /* AlbumsViewController.swift in Sources */,
				D9D343BA290A5766001F129C /* SongsCollectionViewCell.swift in Sources */,
				D9D343C4290C5144001F129C /* UserModel.swift in Sources */,
				D95F182F2907F8C5004FC7B1 /* SignUpViewController.swift in Sources */,
				D95F183229087AD2004FC7B1 /* UIStackView + Extension.swift in Sources */,
				D9D343B8290A5236001F129C /* DetailAlbumViewController.swift in Sources */,
				D9D343BE290BD19A001F129C /* String + Extension.swift in Sources */,
				D9D343BC290A5EE7001F129C /* UserInfoViewController.swift in Sources */,
				D95F18372909C30A004FC7B1 /* AlbumsTableViewCell.swift in Sources */,
				D9BB1B7A2907B976004D0381 /* SceneDelegate.swift in Sources */,
			);
			runOnlyForDeploymentPostprocessing = 0;
		};
/* End PBXSourcesBuildPhase section */

/* Begin PBXVariantGroup section */
		D9BB1B822907B977004D0381 /* LaunchScreen.storyboard */ = {
			isa = PBXVariantGroup;
			children = (
				D9BB1B832907B977004D0381 /* Base */,
			);
			name = LaunchScreen.storyboard;
			sourceTree = "<group>";
		};
/* End PBXVariantGroup section */

/* Begin XCBuildConfiguration section */
		D9BB1B862907B977004D0381 /* Debug */ = {
			isa = XCBuildConfiguration;
			buildSettings = {
				ALWAYS_SEARCH_USER_PATHS = NO;
				CLANG_ANALYZER_NONNULL = YES;
				CLANG_ANALYZER_NUMBER_OBJECT_CONVERSION = YES_AGGRESSIVE;
				CLANG_CXX_LANGUAGE_STANDARD = "gnu++20";
				CLANG_ENABLE_MODULES = YES;
				CLANG_ENABLE_OBJC_ARC = YES;
				CLANG_ENABLE_OBJC_WEAK = YES;
				CLANG_WARN_BLOCK_CAPTURE_AUTORELEASING = YES;
				CLANG_WARN_BOOL_CONVERSION = YES;
				CLANG_WARN_COMMA = YES;
				CLANG_WARN_CONSTANT_CONVERSION = YES;
				CLANG_WARN_DEPRECATED_OBJC_IMPLEMENTATIONS = YES;
				CLANG_WARN_DIRECT_OBJC_ISA_USAGE = YES_ERROR;
				CLANG_WARN_DOCUMENTATION_COMMENTS = YES;
				CLANG_WARN_EMPTY_BODY = YES;
				CLANG_WARN_ENUM_CONVERSION = YES;
				CLANG_WARN_INFINITE_RECURSION = YES;
				CLANG_WARN_INT_CONVERSION = YES;
				CLANG_WARN_NON_LITERAL_NULL_CONVERSION = YES;
				CLANG_WARN_OBJC_IMPLICIT_RETAIN_SELF = YES;
				CLANG_WARN_OBJC_LITERAL_CONVERSION = YES;
				CLANG_WARN_OBJC_ROOT_CLASS = YES_ERROR;
				CLANG_WARN_QUOTED_INCLUDE_IN_FRAMEWORK_HEADER = YES;
				CLANG_WARN_RANGE_LOOP_ANALYSIS = YES;
				CLANG_WARN_STRICT_PROTOTYPES = YES;
				CLANG_WARN_SUSPICIOUS_MOVE = YES;
				CLANG_WARN_UNGUARDED_AVAILABILITY = YES_AGGRESSIVE;
				CLANG_WARN_UNREACHABLE_CODE = YES;
				CLANG_WARN__DUPLICATE_METHOD_MATCH = YES;
				COPY_PHASE_STRIP = NO;
				DEBUG_INFORMATION_FORMAT = dwarf;
				ENABLE_STRICT_OBJC_MSGSEND = YES;
				ENABLE_TESTABILITY = YES;
				GCC_C_LANGUAGE_STANDARD = gnu11;
				GCC_DYNAMIC_NO_PIC = NO;
				GCC_NO_COMMON_BLOCKS = YES;
				GCC_OPTIMIZATION_LEVEL = 0;
				GCC_PREPROCESSOR_DEFINITIONS = (
					"DEBUG=1",
					"$(inherited)",
				);
				GCC_WARN_64_TO_32_BIT_CONVERSION = YES;
				GCC_WARN_ABOUT_RETURN_TYPE = YES_ERROR;
				GCC_WARN_UNDECLARED_SELECTOR = YES;
				GCC_WARN_UNINITIALIZED_AUTOS = YES_AGGRESSIVE;
				GCC_WARN_UNUSED_FUNCTION = YES;
				GCC_WARN_UNUSED_VARIABLE = YES;
				IPHONEOS_DEPLOYMENT_TARGET = 16.0;
				MTL_ENABLE_DEBUG_INFO = INCLUDE_SOURCE;
				MTL_FAST_MATH = YES;
				ONLY_ACTIVE_ARCH = YES;
				SDKROOT = iphoneos;
				SWIFT_ACTIVE_COMPILATION_CONDITIONS = DEBUG;
				SWIFT_OPTIMIZATION_LEVEL = "-Onone";
			};
			name = Debug;
		};
		D9BB1B872907B977004D0381 /* Release */ = {
			isa = XCBuildConfiguration;
			buildSettings = {
				ALWAYS_SEARCH_USER_PATHS = NO;
				CLANG_ANALYZER_NONNULL = YES;
				CLANG_ANALYZER_NUMBER_OBJECT_CONVERSION = YES_AGGRESSIVE;
				CLANG_CXX_LANGUAGE_STANDARD = "gnu++20";
				CLANG_ENABLE_MODULES = YES;
				CLANG_ENABLE_OBJC_ARC = YES;
				CLANG_ENABLE_OBJC_WEAK = YES;
				CLANG_WARN_BLOCK_CAPTURE_AUTORELEASING = YES;
				CLANG_WARN_BOOL_CONVERSION = YES;
				CLANG_WARN_COMMA = YES;
				CLANG_WARN_CONSTANT_CONVERSION = YES;
				CLANG_WARN_DEPRECATED_OBJC_IMPLEMENTATIONS = YES;
				CLANG_WARN_DIRECT_OBJC_ISA_USAGE = YES_ERROR;
				CLANG_WARN_DOCUMENTATION_COMMENTS = YES;
				CLANG_WARN_EMPTY_BODY = YES;
				CLANG_WARN_ENUM_CONVERSION = YES;
				CLANG_WARN_INFINITE_RECURSION = YES;
				CLANG_WARN_INT_CONVERSION = YES;
				CLANG_WARN_NON_LITERAL_NULL_CONVERSION = YES;
				CLANG_WARN_OBJC_IMPLICIT_RETAIN_SELF = YES;
				CLANG_WARN_OBJC_LITERAL_CONVERSION = YES;
				CLANG_WARN_OBJC_ROOT_CLASS = YES_ERROR;
				CLANG_WARN_QUOTED_INCLUDE_IN_FRAMEWORK_HEADER = YES;
				CLANG_WARN_RANGE_LOOP_ANALYSIS = YES;
				CLANG_WARN_STRICT_PROTOTYPES = YES;
				CLANG_WARN_SUSPICIOUS_MOVE = YES;
				CLANG_WARN_UNGUARDED_AVAILABILITY = YES_AGGRESSIVE;
				CLANG_WARN_UNREACHABLE_CODE = YES;
				CLANG_WARN__DUPLICATE_METHOD_MATCH = YES;
				COPY_PHASE_STRIP = NO;
				DEBUG_INFORMATION_FORMAT = "dwarf-with-dsym";
				ENABLE_NS_ASSERTIONS = NO;
				ENABLE_STRICT_OBJC_MSGSEND = YES;
				GCC_C_LANGUAGE_STANDARD = gnu11;
				GCC_NO_COMMON_BLOCKS = YES;
				GCC_WARN_64_TO_32_BIT_CONVERSION = YES;
				GCC_WARN_ABOUT_RETURN_TYPE = YES_ERROR;
				GCC_WARN_UNDECLARED_SELECTOR = YES;
				GCC_WARN_UNINITIALIZED_AUTOS = YES_AGGRESSIVE;
				GCC_WARN_UNUSED_FUNCTION = YES;
				GCC_WARN_UNUSED_VARIABLE = YES;
				IPHONEOS_DEPLOYMENT_TARGET = 16.0;
				MTL_ENABLE_DEBUG_INFO = NO;
				MTL_FAST_MATH = YES;
				SDKROOT = iphoneos;
				SWIFT_COMPILATION_MODE = wholemodule;
				SWIFT_OPTIMIZATION_LEVEL = "-O";
				VALIDATE_PRODUCT = YES;
			};
			name = Release;
		};
		D9BB1B892907B977004D0381 /* Debug */ = {
			isa = XCBuildConfiguration;
			buildSettings = {
				ASSETCATALOG_COMPILER_APPICON_NAME = AppIcon;
				ASSETCATALOG_COMPILER_GLOBAL_ACCENT_COLOR_NAME = AccentColor;
				CODE_SIGN_STYLE = Automatic;
				CURRENT_PROJECT_VERSION = 1;
				DEVELOPMENT_TEAM = 76N9URDUCT;
				GENERATE_INFOPLIST_FILE = YES;
				INFOPLIST_FILE = "Test Task + JSON/Resources/Info.plist";
				INFOPLIST_KEY_UIApplicationSupportsIndirectInputEvents = YES;
				INFOPLIST_KEY_UILaunchStoryboardName = LaunchScreen;
				INFOPLIST_KEY_UIMainStoryboardFile = "";
				INFOPLIST_KEY_UISupportedInterfaceOrientations_iPad = "UIInterfaceOrientationPortrait UIInterfaceOrientationPortraitUpsideDown UIInterfaceOrientationLandscapeLeft UIInterfaceOrientationLandscapeRight";
				INFOPLIST_KEY_UISupportedInterfaceOrientations_iPhone = "UIInterfaceOrientationPortrait UIInterfaceOrientationLandscapeLeft UIInterfaceOrientationLandscapeRight";
				LD_RUNPATH_SEARCH_PATHS = (
					"$(inherited)",
					"@executable_path/Frameworks",
				);
				MARKETING_VERSION = 1.0;
				PRODUCT_BUNDLE_IDENTIFIER = "ArtemGalay.Test-Task---JSON";
				PRODUCT_NAME = "$(TARGET_NAME)";
				SWIFT_EMIT_LOC_STRINGS = YES;
				SWIFT_VERSION = 5.0;
				TARGETED_DEVICE_FAMILY = "1,2";
			};
			name = Debug;
		};
		D9BB1B8A2907B977004D0381 /* Release */ = {
			isa = XCBuildConfiguration;
			buildSettings = {
				ASSETCATALOG_COMPILER_APPICON_NAME = AppIcon;
				ASSETCATALOG_COMPILER_GLOBAL_ACCENT_COLOR_NAME = AccentColor;
				CODE_SIGN_STYLE = Automatic;
				CURRENT_PROJECT_VERSION = 1;
				DEVELOPMENT_TEAM = 76N9URDUCT;
				GENERATE_INFOPLIST_FILE = YES;
				INFOPLIST_FILE = "Test Task + JSON/Resources/Info.plist";
				INFOPLIST_KEY_UIApplicationSupportsIndirectInputEvents = YES;
				INFOPLIST_KEY_UILaunchStoryboardName = LaunchScreen;
				INFOPLIST_KEY_UIMainStoryboardFile = "";
				INFOPLIST_KEY_UISupportedInterfaceOrientations_iPad = "UIInterfaceOrientationPortrait UIInterfaceOrientationPortraitUpsideDown UIInterfaceOrientationLandscapeLeft UIInterfaceOrientationLandscapeRight";
				INFOPLIST_KEY_UISupportedInterfaceOrientations_iPhone = "UIInterfaceOrientationPortrait UIInterfaceOrientationLandscapeLeft UIInterfaceOrientationLandscapeRight";
				LD_RUNPATH_SEARCH_PATHS = (
					"$(inherited)",
					"@executable_path/Frameworks",
				);
				MARKETING_VERSION = 1.0;
				PRODUCT_BUNDLE_IDENTIFIER = "ArtemGalay.Test-Task---JSON";
				PRODUCT_NAME = "$(TARGET_NAME)";
				SWIFT_EMIT_LOC_STRINGS = YES;
				SWIFT_VERSION = 5.0;
				TARGETED_DEVICE_FAMILY = "1,2";
			};
			name = Release;
		};
/* End XCBuildConfiguration section */

/* Begin XCConfigurationList section */
		D9BB1B6F2907B976004D0381 /* Build configuration list for PBXProject "Test Task + JSON" */ = {
			isa = XCConfigurationList;
			buildConfigurations = (
				D9BB1B862907B977004D0381 /* Debug */,
				D9BB1B872907B977004D0381 /* Release */,
			);
			defaultConfigurationIsVisible = 0;
			defaultConfigurationName = Release;
		};
		D9BB1B882907B977004D0381 /* Build configuration list for PBXNativeTarget "Test Task + JSON" */ = {
			isa = XCConfigurationList;
			buildConfigurations = (
				D9BB1B892907B977004D0381 /* Debug */,
				D9BB1B8A2907B977004D0381 /* Release */,
			);
			defaultConfigurationIsVisible = 0;
			defaultConfigurationName = Release;
		};
/* End XCConfigurationList section */
	};
	rootObject = D9BB1B6C2907B976004D0381 /* Project object */;
}
